// !$*UTF8*$!
{
	archiveVersion = 1;
	classes = {
	};
	objectVersion = 50;
	objects = {

/* Begin PBXBuildFile section */
		0E7A470F260221CA00DB8FBC /* AppDelegate.swift in Sources */ = {isa = PBXBuildFile; fileRef = 0E7A470E260221CA00DB8FBC /* AppDelegate.swift */; };
		0E7A4711260221CA00DB8FBC /* SceneDelegate.swift in Sources */ = {isa = PBXBuildFile; fileRef = 0E7A4710260221CA00DB8FBC /* SceneDelegate.swift */; };
		0E7A4713260221CA00DB8FBC /* ViewController.swift in Sources */ = {isa = PBXBuildFile; fileRef = 0E7A4712260221CA00DB8FBC /* ViewController.swift */; };
		0E7A4716260221CA00DB8FBC /* Main.storyboard in Resources */ = {isa = PBXBuildFile; fileRef = 0E7A4714260221CA00DB8FBC /* Main.storyboard */; };
		0E7A4718260221CB00DB8FBC /* Assets.xcassets in Resources */ = {isa = PBXBuildFile; fileRef = 0E7A4717260221CB00DB8FBC /* Assets.xcassets */; };
		0E7A471B260221CB00DB8FBC /* LaunchScreen.storyboard in Resources */ = {isa = PBXBuildFile; fileRef = 0E7A4719260221CB00DB8FBC /* LaunchScreen.storyboard */; };
		0E7A4726260221CB00DB8FBC /* gitTestTests.swift in Sources */ = {isa = PBXBuildFile; fileRef = 0E7A4725260221CB00DB8FBC /* gitTestTests.swift */; };
		0E7A4731260221CB00DB8FBC /* gitTestUITests.swift in Sources */ = {isa = PBXBuildFile; fileRef = 0E7A4730260221CB00DB8FBC /* gitTestUITests.swift */; };
/* End PBXBuildFile section */

/* Begin PBXContainerItemProxy section */
		0E7A4722260221CB00DB8FBC /* PBXContainerItemProxy */ = {
			isa = PBXContainerItemProxy;
			containerPortal = 0E7A4703260221CA00DB8FBC /* Project object */;
			proxyType = 1;
			remoteGlobalIDString = 0E7A470A260221CA00DB8FBC;
			remoteInfo = gitTest;
		};
		0E7A472D260221CB00DB8FBC /* PBXContainerItemProxy */ = {
			isa = PBXContainerItemProxy;
			containerPortal = 0E7A4703260221CA00DB8FBC /* Project object */;
			proxyType = 1;
			remoteGlobalIDString = 0E7A470A260221CA00DB8FBC;
			remoteInfo = gitTest;
		};
/* End PBXContainerItemProxy section */

/* Begin PBXFileReference section */
		0E7A470B260221CA00DB8FBC /* gitTest.app */ = {isa = PBXFileReference; explicitFileType = wrapper.application; includeInIndex = 0; path = gitTest.app; sourceTree = BUILT_PRODUCTS_DIR; };
		0E7A470E260221CA00DB8FBC /* AppDelegate.swift */ = {isa = PBXFileReference; lastKnownFileType = sourcecode.swift; path = AppDelegate.swift; sourceTree = "<group>"; };
		0E7A4710260221CA00DB8FBC /* SceneDelegate.swift */ = {isa = PBXFileReference; lastKnownFileType = sourcecode.swift; path = SceneDelegate.swift; sourceTree = "<group>"; };
		0E7A4712260221CA00DB8FBC /* ViewController.swift */ = {isa = PBXFileReference; lastKnownFileType = sourcecode.swift; path = ViewController.swift; sourceTree = "<group>"; };
		0E7A4715260221CA00DB8FBC /* Base */ = {isa = PBXFileReference; lastKnownFileType = file.storyboard; name = Base; path = Base.lproj/Main.storyboard; sourceTree = "<group>"; };
		0E7A4717260221CB00DB8FBC /* Assets.xcassets */ = {isa = PBXFileReference; lastKnownFileType = folder.assetcatalog; path = Assets.xcassets; sourceTree = "<group>"; };
		0E7A471A260221CB00DB8FBC /* Base */ = {isa = PBXFileReference; lastKnownFileType = file.storyboard; name = Base; path = Base.lproj/LaunchScreen.storyboard; sourceTree = "<group>"; };
		0E7A471C260221CB00DB8FBC /* Info.plist */ = {isa = PBXFileReference; lastKnownFileType = text.plist.xml; path = Info.plist; sourceTree = "<group>"; };
		0E7A4721260221CB00DB8FBC /* gitTestTests.xctest */ = {isa = PBXFileReference; explicitFileType = wrapper.cfbundle; includeInIndex = 0; path = gitTestTests.xctest; sourceTree = BUILT_PRODUCTS_DIR; };
		0E7A4725260221CB00DB8FBC /* gitTestTests.swift */ = {isa = PBXFileReference; lastKnownFileType = sourcecode.swift; path = gitTestTests.swift; sourceTree = "<group>"; };
		0E7A4727260221CB00DB8FBC /* Info.plist */ = {isa = PBXFileReference; lastKnownFileType = text.plist.xml; path = Info.plist; sourceTree = "<group>"; };
		0E7A472C260221CB00DB8FBC /* gitTestUITests.xctest */ = {isa = PBXFileReference; explicitFileType = wrapper.cfbundle; includeInIndex = 0; path = gitTestUITests.xctest; sourceTree = BUILT_PRODUCTS_DIR; };
		0E7A4730260221CB00DB8FBC /* gitTestUITests.swift */ = {isa = PBXFileReference; lastKnownFileType = sourcecode.swift; path = gitTestUITests.swift; sourceTree = "<group>"; };
		0E7A4732260221CB00DB8FBC /* Info.plist */ = {isa = PBXFileReference; lastKnownFileType = text.plist.xml; path = Info.plist; sourceTree = "<group>"; };
/* End PBXFileReference section */

/* Begin PBXFrameworksBuildPhase section */
		0E7A4708260221CA00DB8FBC /* Frameworks */ = {
			isa = PBXFrameworksBuildPhase;
			buildActionMask = 2147483647;
			files = (
			);
			runOnlyForDeploymentPostprocessing = 0;
		};
		0E7A471E260221CB00DB8FBC /* Frameworks */ = {
			isa = PBXFrameworksBuildPhase;
			buildActionMask = 2147483647;
			files = (
			);
			runOnlyForDeploymentPostprocessing = 0;
		};
		0E7A4729260221CB00DB8FBC /* Frameworks */ = {
			isa = PBXFrameworksBuildPhase;
			buildActionMask = 2147483647;
			files = (
			);
			runOnlyForDeploymentPostprocessing = 0;
		};
/* End PBXFrameworksBuildPhase section */

/* Begin PBXGroup section */
		0E7A4702260221CA00DB8FBC = {
			isa = PBXGroup;
			children = (
				0E7A470D260221CA00DB8FBC /* gitTest */,
				0E7A4724260221CB00DB8FBC /* gitTestTests */,
				0E7A472F260221CB00DB8FBC /* gitTestUITests */,
				0E7A470C260221CA00DB8FBC /* Products */,
			);
			sourceTree = "<group>";
		};
		0E7A470C260221CA00DB8FBC /* Products */ = {
			isa = PBXGroup;
			children = (
				0E7A470B260221CA00DB8FBC /* gitTest.app */,
				0E7A4721260221CB00DB8FBC /* gitTestTests.xctest */,
				0E7A472C260221CB00DB8FBC /* gitTestUITests.xctest */,
			);
			name = Products;
			sourceTree = "<group>";
		};
		0E7A470D260221CA00DB8FBC /* gitTest */ = {
			isa = PBXGroup;
			children = (
				0E7A470E260221CA00DB8FBC /* AppDelegate.swift */,
				0E7A4710260221CA00DB8FBC /* SceneDelegate.swift */,
				0E7A4712260221CA00DB8FBC /* ViewController.swift */,
				0E7A4714260221CA00DB8FBC /* Main.storyboard */,
				0E7A4717260221CB00DB8FBC /* Assets.xcassets */,
				0E7A4719260221CB00DB8FBC /* LaunchScreen.storyboard */,
				0E7A471C260221CB00DB8FBC /* Info.plist */,
			);
			path = gitTest;
			sourceTree = "<group>";
		};
		0E7A4724260221CB00DB8FBC /* gitTestTests */ = {
			isa = PBXGroup;
			children = (
				0E7A4725260221CB00DB8FBC /* gitTestTests.swift */,
				0E7A4727260221CB00DB8FBC /* Info.plist */,
			);
			path = gitTestTests;
			sourceTree = "<group>";
		};
		0E7A472F260221CB00DB8FBC /* gitTestUITests */ = {
			isa = PBXGroup;
			children = (
				0E7A4730260221CB00DB8FBC /* gitTestUITests.swift */,
				0E7A4732260221CB00DB8FBC /* Info.plist */,
			);
			path = gitTestUITests;
			sourceTree = "<group>";
		};
/* End PBXGroup section */

/* Begin PBXNativeTarget section */
		0E7A470A260221CA00DB8FBC /* gitTest */ = {
			isa = PBXNativeTarget;
			buildConfigurationList = 0E7A4735260221CB00DB8FBC /* Build configuration list for PBXNativeTarget "gitTest" */;
			buildPhases = (
				0E7A4707260221CA00DB8FBC /* Sources */,
				0E7A4708260221CA00DB8FBC /* Frameworks */,
				0E7A4709260221CA00DB8FBC /* Resources */,
			);
			buildRules = (
			);
			dependencies = (
			);
			name = gitTest;
			productName = gitTest;
			productReference = 0E7A470B260221CA00DB8FBC /* gitTest.app */;
			productType = "com.apple.product-type.application";
		};
		0E7A4720260221CB00DB8FBC /* gitTestTests */ = {
			isa = PBXNativeTarget;
			buildConfigurationList = 0E7A4738260221CB00DB8FBC /* Build configuration list for PBXNativeTarget "gitTestTests" */;
			buildPhases = (
				0E7A471D260221CB00DB8FBC /* Sources */,
				0E7A471E260221CB00DB8FBC /* Frameworks */,
				0E7A471F260221CB00DB8FBC /* Resources */,
			);
			buildRules = (
			);
			dependencies = (
				0E7A4723260221CB00DB8FBC /* PBXTargetDependency */,
			);
			name = gitTestTests;
			productName = gitTestTests;
			productReference = 0E7A4721260221CB00DB8FBC /* gitTestTests.xctest */;
			productType = "com.apple.product-type.bundle.unit-test";
		};
		0E7A472B260221CB00DB8FBC /* gitTestUITests */ = {
			isa = PBXNativeTarget;
			buildConfigurationList = 0E7A473B260221CB00DB8FBC /* Build configuration list for PBXNativeTarget "gitTestUITests" */;
			buildPhases = (
				0E7A4728260221CB00DB8FBC /* Sources */,
				0E7A4729260221CB00DB8FBC /* Frameworks */,
				0E7A472A260221CB00DB8FBC /* Resources */,
			);
			buildRules = (
			);
			dependencies = (
				0E7A472E260221CB00DB8FBC /* PBXTargetDependency */,
			);
			name = gitTestUITests;
			productName = gitTestUITests;
			productReference = 0E7A472C260221CB00DB8FBC /* gitTestUITests.xctest */;
			productType = "com.apple.product-type.bundle.ui-testing";
		};
/* End PBXNativeTarget section */

/* Begin PBXProject section */
		0E7A4703260221CA00DB8FBC /* Project object */ = {
			isa = PBXProject;
			attributes = {
				LastSwiftUpdateCheck = 1240;
				LastUpgradeCheck = 1240;
				TargetAttributes = {
					0E7A470A260221CA00DB8FBC = {
						CreatedOnToolsVersion = 12.4;
					};
					0E7A4720260221CB00DB8FBC = {
						CreatedOnToolsVersion = 12.4;
						TestTargetID = 0E7A470A260221CA00DB8FBC;
					};
					0E7A472B260221CB00DB8FBC = {
						CreatedOnToolsVersion = 12.4;
						TestTargetID = 0E7A470A260221CA00DB8FBC;
					};
				};
			};
			buildConfigurationList = 0E7A4706260221CA00DB8FBC /* Build configuration list for PBXProject "gitTest" */;
			compatibilityVersion = "Xcode 9.3";
			developmentRegion = en;
			hasScannedForEncodings = 0;
			knownRegions = (
				en,
				Base,
			);
			mainGroup = 0E7A4702260221CA00DB8FBC;
			productRefGroup = 0E7A470C260221CA00DB8FBC /* Products */;
			projectDirPath = "";
			projectRoot = "";
			targets = (
				0E7A470A260221CA00DB8FBC /* gitTest */,
				0E7A4720260221CB00DB8FBC /* gitTestTests */,
				0E7A472B260221CB00DB8FBC /* gitTestUITests */,
			);
		};
/* End PBXProject section */

/* Begin PBXResourcesBuildPhase section */
		0E7A4709260221CA00DB8FBC /* Resources */ = {
			isa = PBXResourcesBuildPhase;
			buildActionMask = 2147483647;
			files = (
				0E7A471B260221CB00DB8FBC /* LaunchScreen.storyboard in Resources */,
				0E7A4718260221CB00DB8FBC /* Assets.xcassets in Resources */,
				0E7A4716260221CA00DB8FBC /* Main.storyboard in Resources */,
			);
			runOnlyForDeploymentPostprocessing = 0;
		};
		0E7A471F260221CB00DB8FBC /* Resources */ = {
			isa = PBXResourcesBuildPhase;
			buildActionMask = 2147483647;
			files = (
			);
			runOnlyForDeploymentPostprocessing = 0;
		};
		0E7A472A260221CB00DB8FBC /* Resources */ = {
			isa = PBXResourcesBuildPhase;
			buildActionMask = 2147483647;
			files = (
			);
			runOnlyForDeploymentPostprocessing = 0;
		};
/* End PBXResourcesBuildPhase section */

/* Begin PBXSourcesBuildPhase section */
		0E7A4707260221CA00DB8FBC /* Sources */ = {
			isa = PBXSourcesBuildPhase;
			buildActionMask = 2147483647;
			files = (
				0E7A4713260221CA00DB8FBC /* ViewController.swift in Sources */,
				0E7A470F260221CA00DB8FBC /* AppDelegate.swift in Sources */,
				0E7A4711260221CA00DB8FBC /* SceneDelegate.swift in Sources */,
			);
			runOnlyForDeploymentPostprocessing = 0;
		};
		0E7A471D260221CB00DB8FBC /* Sources */ = {
			isa = PBXSourcesBuildPhase;
			buildActionMask = 2147483647;
			files = (
				0E7A4726260221CB00DB8FBC /* gitTestTests.swift in Sources */,
			);
			runOnlyForDeploymentPostprocessing = 0;
		};
		0E7A4728260221CB00DB8FBC /* Sources */ = {
			isa = PBXSourcesBuildPhase;
			buildActionMask = 2147483647;
			files = (
				0E7A4731260221CB00DB8FBC /* gitTestUITests.swift in Sources */,
			);
			runOnlyForDeploymentPostprocessing = 0;
		};
/* End PBXSourcesBuildPhase section */

/* Begin PBXTargetDependency section */
		0E7A4723260221CB00DB8FBC /* PBXTargetDependency */ = {
			isa = PBXTargetDependency;
			target = 0E7A470A260221CA00DB8FBC /* gitTest */;
			targetProxy = 0E7A4722260221CB00DB8FBC /* PBXContainerItemProxy */;
		};
		0E7A472E260221CB00DB8FBC /* PBXTargetDependency */ = {
			isa = PBXTargetDependency;
			target = 0E7A470A260221CA00DB8FBC /* gitTest */;
			targetProxy = 0E7A472D260221CB00DB8FBC /* PBXContainerItemProxy */;
		};
/* End PBXTargetDependency section */

/* Begin PBXVariantGroup section */
		0E7A4714260221CA00DB8FBC /* Main.storyboard */ = {
			isa = PBXVariantGroup;
			children = (
				0E7A4715260221CA00DB8FBC /* Base */,
			);
			name = Main.storyboard;
			sourceTree = "<group>";
		};
		0E7A4719260221CB00DB8FBC /* LaunchScreen.storyboard */ = {
			isa = PBXVariantGroup;
			children = (
				0E7A471A260221CB00DB8FBC /* Base */,
			);
			name = LaunchScreen.storyboard;
			sourceTree = "<group>";
		};
/* End PBXVariantGroup section */

/* Begin XCBuildConfiguration section */
		0E7A4733260221CB00DB8FBC /* Debug */ = {
			isa = XCBuildConfiguration;
			buildSettings = {
				ALWAYS_SEARCH_USER_PATHS = NO;
				CLANG_ANALYZER_NONNULL = YES;
				CLANG_ANALYZER_NUMBER_OBJECT_CONVERSION = YES_AGGRESSIVE;
				CLANG_CXX_LANGUAGE_STANDARD = "gnu++14";
				CLANG_CXX_LIBRARY = "libc++";
				CLANG_ENABLE_MODULES = YES;
				CLANG_ENABLE_OBJC_ARC = YES;
				CLANG_ENABLE_OBJC_WEAK = YES;
				CLANG_WARN_BLOCK_CAPTURE_AUTORELEASING = YES;
				CLANG_WARN_BOOL_CONVERSION = YES;
				CLANG_WARN_COMMA = YES;
				CLANG_WARN_CONSTANT_CONVERSION = YES;
				CLANG_WARN_DEPRECATED_OBJC_IMPLEMENTATIONS = YES;
				CLANG_WARN_DIRECT_OBJC_ISA_USAGE = YES_ERROR;
				CLANG_WARN_DOCUMENTATION_COMMENTS = YES;
				CLANG_WARN_EMPTY_BODY = YES;
				CLANG_WARN_ENUM_CONVERSION = YES;
				CLANG_WARN_INFINITE_RECURSION = YES;
				CLANG_WARN_INT_CONVERSION = YES;
				CLANG_WARN_NON_LITERAL_NULL_CONVERSION = YES;
				CLANG_WARN_OBJC_IMPLICIT_RETAIN_SELF = YES;
				CLANG_WARN_OBJC_LITERAL_CONVERSION = YES;
				CLANG_WARN_OBJC_ROOT_CLASS = YES_ERROR;
				CLANG_WARN_QUOTED_INCLUDE_IN_FRAMEWORK_HEADER = YES;
				CLANG_WARN_RANGE_LOOP_ANALYSIS = YES;
				CLANG_WARN_STRICT_PROTOTYPES = YES;
				CLANG_WARN_SUSPICIOUS_MOVE = YES;
				CLANG_WARN_UNGUARDED_AVAILABILITY = YES_AGGRESSIVE;
				CLANG_WARN_UNREACHABLE_CODE = YES;
				CLANG_WARN__DUPLICATE_METHOD_MATCH = YES;
				COPY_PHASE_STRIP = NO;
				DEBUG_INFORMATION_FORMAT = dwarf;
				ENABLE_STRICT_OBJC_MSGSEND = YES;
				ENABLE_TESTABILITY = YES;
				GCC_C_LANGUAGE_STANDARD = gnu11;
				GCC_DYNAMIC_NO_PIC = NO;
				GCC_NO_COMMON_BLOCKS = YES;
				GCC_OPTIMIZATION_LEVEL = 0;
				GCC_PREPROCESSOR_DEFINITIONS = (
					"DEBUG=1",
					"$(inherited)",
				);
				GCC_WARN_64_TO_32_BIT_CONVERSION = YES;
				GCC_WARN_ABOUT_RETURN_TYPE = YES_ERROR;
				GCC_WARN_UNDECLARED_SELECTOR = YES;
				GCC_WARN_UNINITIALIZED_AUTOS = YES_AGGRESSIVE;
				GCC_WARN_UNUSED_FUNCTION = YES;
				GCC_WARN_UNUSED_VARIABLE = YES;
				IPHONEOS_DEPLOYMENT_TARGET = 14.4;
				MTL_ENABLE_DEBUG_INFO = INCLUDE_SOURCE;
				MTL_FAST_MATH = YES;
				ONLY_ACTIVE_ARCH = YES;
				SDKROOT = iphoneos;
				SWIFT_ACTIVE_COMPILATION_CONDITIONS = DEBUG;
				SWIFT_OPTIMIZATION_LEVEL = "-Onone";
			};
			name = Debug;
		};
		0E7A4734260221CB00DB8FBC /* Release */ = {
			isa = XCBuildConfiguration;
			buildSettings = {
				ALWAYS_SEARCH_USER_PATHS = NO;
				CLANG_ANALYZER_NONNULL = YES;
				CLANG_ANALYZER_NUMBER_OBJECT_CONVERSION = YES_AGGRESSIVE;
				CLANG_CXX_LANGUAGE_STANDARD = "gnu++14";
				CLANG_CXX_LIBRARY = "libc++";
				CLANG_ENABLE_MODULES = YES;
				CLANG_ENABLE_OBJC_ARC = YES;
				CLANG_ENABLE_OBJC_WEAK = YES;
				CLANG_WARN_BLOCK_CAPTURE_AUTORELEASING = YES;
				CLANG_WARN_BOOL_CONVERSION = YES;
				CLANG_WARN_COMMA = YES;
				CLANG_WARN_CONSTANT_CONVERSION = YES;
				CLANG_WARN_DEPRECATED_OBJC_IMPLEMENTATIONS = YES;
				CLANG_WARN_DIRECT_OBJC_ISA_USAGE = YES_ERROR;
				CLANG_WARN_DOCUMENTATION_COMMENTS = YES;
				CLANG_WARN_EMPTY_BODY = YES;
				CLANG_WARN_ENUM_CONVERSION = YES;
				CLANG_WARN_INFINITE_RECURSION = YES;
				CLANG_WARN_INT_CONVERSION = YES;
				CLANG_WARN_NON_LITERAL_NULL_CONVERSION = YES;
				CLANG_WARN_OBJC_IMPLICIT_RETAIN_SELF = YES;
				CLANG_WARN_OBJC_LITERAL_CONVERSION = YES;
				CLANG_WARN_OBJC_ROOT_CLASS = YES_ERROR;
				CLANG_WARN_QUOTED_INCLUDE_IN_FRAMEWORK_HEADER = YES;
				CLANG_WARN_RANGE_LOOP_ANALYSIS = YES;
				CLANG_WARN_STRICT_PROTOTYPES = YES;
				CLANG_WARN_SUSPICIOUS_MOVE = YES;
				CLANG_WARN_UNGUARDED_AVAILABILITY = YES_AGGRESSIVE;
				CLANG_WARN_UNREACHABLE_CODE = YES;
				CLANG_WARN__DUPLICATE_METHOD_MATCH = YES;
				COPY_PHASE_STRIP = NO;
				DEBUG_INFORMATION_FORMAT = "dwarf-with-dsym";
				ENABLE_NS_ASSERTIONS = NO;
				ENABLE_STRICT_OBJC_MSGSEND = YES;
				GCC_C_LANGUAGE_STANDARD = gnu11;
				GCC_NO_COMMON_BLOCKS = YES;
				GCC_WARN_64_TO_32_BIT_CONVERSION = YES;
				GCC_WARN_ABOUT_RETURN_TYPE = YES_ERROR;
				GCC_WARN_UNDECLARED_SELECTOR = YES;
				GCC_WARN_UNINITIALIZED_AUTOS = YES_AGGRESSIVE;
				GCC_WARN_UNUSED_FUNCTION = YES;
				GCC_WARN_UNUSED_VARIABLE = YES;
				IPHONEOS_DEPLOYMENT_TARGET = 14.4;
				MTL_ENABLE_DEBUG_INFO = NO;
				MTL_FAST_MATH = YES;
				SDKROOT = iphoneos;
				SWIFT_COMPILATION_MODE = wholemodule;
				SWIFT_OPTIMIZATION_LEVEL = "-O";
				VALIDATE_PRODUCT = YES;
			};
			name = Release;
		};
		0E7A4736260221CB00DB8FBC /* Debug */ = {
			isa = XCBuildConfiguration;
			buildSettings = {
				ASSETCATALOG_COMPILER_APPICON_NAME = AppIcon;
				ASSETCATALOG_COMPILER_GLOBAL_ACCENT_COLOR_NAME = AccentColor;
				CODE_SIGN_STYLE = Automatic;
				INFOPLIST_FILE = gitTest/Info.plist;
				LD_RUNPATH_SEARCH_PATHS = (
					"$(inherited)",
					"@executable_path/Frameworks",
				);
				PRODUCT_BUNDLE_IDENTIFIER = "Calc-StackView-ex.gitTest";
				PRODUCT_NAME = "$(TARGET_NAME)";
				SWIFT_VERSION = 5.0;
				TARGETED_DEVICE_FAMILY = "1,2";
			};
			name = Debug;
		};
		0E7A4737260221CB00DB8FBC /* Release */ = {
			isa = XCBuildConfiguration;
			buildSettings = {
				ASSETCATALOG_COMPILER_APPICON_NAME = AppIcon;
				ASSETCATALOG_COMPILER_GLOBAL_ACCENT_COLOR_NAME = AccentColor;
				CODE_SIGN_STYLE = Automatic;
				INFOPLIST_FILE = gitTest/Info.plist;
				LD_RUNPATH_SEARCH_PATHS = (
					"$(inherited)",
					"@executable_path/Frameworks",
				);
				PRODUCT_BUNDLE_IDENTIFIER = "Calc-StackView-ex.gitTest";
				PRODUCT_NAME = "$(TARGET_NAME)";
				SWIFT_VERSION = 5.0;
				TARGETED_DEVICE_FAMILY = "1,2";
			};
			name = Release;
		};
		0E7A4739260221CB00DB8FBC /* Debug */ = {
			isa = XCBuildConfiguration;
			buildSettings = {
				ALWAYS_EMBED_SWIFT_STANDARD_LIBRARIES = YES;
				BUNDLE_LOADER = "$(TEST_HOST)";
				CODE_SIGN_STYLE = Automatic;
				INFOPLIST_FILE = gitTestTests/Info.plist;
				IPHONEOS_DEPLOYMENT_TARGET = 14.4;
				LD_RUNPATH_SEARCH_PATHS = (
					"$(inherited)",
					"@executable_path/Frameworks",
					"@loader_path/Frameworks",
				);
				PRODUCT_BUNDLE_IDENTIFIER = "Calc-StackView-ex.gitTestTests";
				PRODUCT_NAME = "$(TARGET_NAME)";
				SWIFT_VERSION = 5.0;
				TARGETED_DEVICE_FAMILY = "1,2";
				TEST_HOST = "$(BUILT_PRODUCTS_DIR)/gitTest.app/gitTest";
			};
			name = Debug;
		};
		0E7A473A260221CB00DB8FBC /* Release */ = {
			isa = XCBuildConfiguration;
			buildSettings = {
				ALWAYS_EMBED_SWIFT_STANDARD_LIBRARIES = YES;
				BUNDLE_LOADER = "$(TEST_HOST)";
				CODE_SIGN_STYLE = Automatic;
				INFOPLIST_FILE = gitTestTests/Info.plist;
				IPHONEOS_DEPLOYMENT_TARGET = 14.4;
				LD_RUNPATH_SEARCH_PATHS = (
					"$(inherited)",
					"@executable_path/Frameworks",
					"@loader_path/Frameworks",
				);
				PRODUCT_BUNDLE_IDENTIFIER = "Calc-StackView-ex.gitTestTests";
				PRODUCT_NAME = "$(TARGET_NAME)";
				SWIFT_VERSION = 5.0;
				TARGETED_DEVICE_FAMILY = "1,2";
				TEST_HOST = "$(BUILT_PRODUCTS_DIR)/gitTest.app/gitTest";
			};
			name = Release;
		};
		0E7A473C260221CB00DB8FBC /* Debug */ = {
			isa = XCBuildConfiguration;
			buildSettings = {
				ALWAYS_EMBED_SWIFT_STANDARD_LIBRARIES = YES;
				CODE_SIGN_STYLE = Automatic;
				INFOPLIST_FILE = gitTestUITests/Info.plist;
				LD_RUNPATH_SEARCH_PATHS = (
					"$(inherited)",
					"@executable_path/Frameworks",
					"@loader_path/Frameworks",
				);
				PRODUCT_BUNDLE_IDENTIFIER = "Calc-StackView-ex.gitTestUITests";
				PRODUCT_NAME = "$(TARGET_NAME)";
				SWIFT_VERSION = 5.0;
				TARGETED_DEVICE_FAMILY = "1,2";
				TEST_TARGET_NAME = gitTest;
			};
			name = Debug;
		};
		0E7A473D260221CB00DB8FBC /* Release */ = {
			isa = XCBuildConfiguration;
			buildSettings = {
				ALWAYS_EMBED_SWIFT_STANDARD_LIBRARIES = YES;
				CODE_SIGN_STYLE = Automatic;
				INFOPLIST_FILE = gitTestUITests/Info.plist;
				LD_RUNPATH_SEARCH_PATHS = (
					"$(inherited)",
					"@executable_path/Frameworks",
					"@loader_path/Frameworks",
				);
				PRODUCT_BUNDLE_IDENTIFIER = "Calc-StackView-ex.gitTestUITests";
				PRODUCT_NAME = "$(TARGET_NAME)";
				SWIFT_VERSION = 5.0;
				TARGETED_DEVICE_FAMILY = "1,2";
				TEST_TARGET_NAME = gitTest;
			};
			name = Release;
		};
/* End XCBuildConfiguration section */

/* Begin XCConfigurationList section */
		0E7A4706260221CA00DB8FBC /* Build configuration list for PBXProject "gitTest" */ = {
			isa = XCConfigurationList;
			buildConfigurations = (
				0E7A4733260221CB00DB8FBC /* Debug */,
				0E7A4734260221CB00DB8FBC /* Release */,
			);
			defaultConfigurationIsVisible = 0;
			defaultConfigurationName = Release;
		};
		0E7A4735260221CB00DB8FBC /* Build configuration list for PBXNativeTarget "gitTest" */ = {
			isa = XCConfigurationList;
			buildConfigurations = (
				0E7A4736260221CB00DB8FBC /* Debug */,
				0E7A4737260221CB00DB8FBC /* Release */,
			);
			defaultConfigurationIsVisible = 0;
			defaultConfigurationName = Release;
		};
		0E7A4738260221CB00DB8FBC /* Build configuration list for PBXNativeTarget "gitTestTests" */ = {
			isa = XCConfigurationList;
			buildConfigurations = (
				0E7A4739260221CB00DB8FBC /* Debug */,
				0E7A473A260221CB00DB8FBC /* Release */,
			);
			defaultConfigurationIsVisible = 0;
			defaultConfigurationName = Release;
		};
		0E7A473B260221CB00DB8FBC /* Build configuration list for PBXNativeTarget "gitTestUITests" */ = {
			isa = XCConfigurationList;
			buildConfigurations = (
				0E7A473C260221CB00DB8FBC /* Debug */,
				0E7A473D260221CB00DB8FBC /* Release */,
			);
			defaultConfigurationIsVisible = 0;
			defaultConfigurationName = Release;
		};
/* End XCConfigurationList section */
	};
	rootObject = 0E7A4703260221CA00DB8FBC /* Project object */;
}
